{
  "name": "@sitation/magento2-hyva-icons-flags",
  "version": "1.0.0",
  "lockfileVersion": 2,
  "requires": true,
  "packages": {
    "": {
      "name": "@sitation/magento2-hyva-icons-flags",
      "version": "1.0.0",
      "license": "MIT",
      "devDependencies": {
        "flagpack-core": "^2.0.0"
      }
    },
    "node_modules/flagpack-core": {
      "version": "2.0.0",
      "resolved": "https://registry.npmjs.org/flagpack-core/-/flagpack-core-2.0.0.tgz",
      "integrity": "sha512-m1nXIT+BFgIpAlBRAJ/AUIIW5Mx32EsSVU34nZlT58v5hVqo52ZwBibV7LVWG6vXU4ij5vwCI5BUOCd0+cb6jA==",
      "dev": true
    }
  },
  "dependencies": {
    "flagpack-core": {
      "version": "2.0.0",
      "resolved": "https://registry.npmjs.org/flagpack-core/-/flagpack-core-2.0.0.tgz",
      "integrity": "sha512-m1nXIT+BFgIpAlBRAJ/AUIIW5Mx32EsSVU34nZlT58v5hVqo52ZwBibV7LVWG6vXU4ij5vwCI5BUOCd0+cb6jA==",
      "dev": true
    }
  }
}
