{
  "name": "@sitation/magento2-hyva-icons-flags",
  "version": "1.0.0",
  "lockfileVersion": 2,
  "requires": true,
  "packages": {
    "": {
      "name": "@sitation/magento2-hyva-icons-flags",
      "version": "1.0.0",
      "license": "MIT",
      "devDependencies": {
        "flagpack-core": "^2.1.0"
      }
    },
    "node_modules/flagpack-core": {
      "version": "2.1.0",
      "resolved": "https://registry.npmjs.org/flagpack-core/-/flagpack-core-2.1.0.tgz",
      "integrity": "sha512-fSld5Hl+AkNKJT78RV1/2Htf8TfN5USYSAOIuBxH2CdGkxY+eC4WrYu19sHyr0CCopeB27+0l+CNu7IUHpChwQ==",
      "dev": true
    }
  },
  "dependencies": {
    "flagpack-core": {
      "version": "2.1.0",
      "resolved": "https://registry.npmjs.org/flagpack-core/-/flagpack-core-2.1.0.tgz",
      "integrity": "sha512-fSld5Hl+AkNKJT78RV1/2Htf8TfN5USYSAOIuBxH2CdGkxY+eC4WrYu19sHyr0CCopeB27+0l+CNu7IUHpChwQ==",
      "dev": true
    }
  }
}
